// !$*UTF8*$!
{
	archiveVersion = 1;
	classes = {
	};
	objectVersion = 46;
	objects = {

/* Begin PBXBuildFile section */
		AAC4EF781B3F86AD003755DB /* AppDelegate.swift in Sources */ = {isa = PBXBuildFile; fileRef = AAC4EF771B3F86AD003755DB /* AppDelegate.swift */; };
		AAC4EF7A1B3F86AD003755DB /* ViewController.swift in Sources */ = {isa = PBXBuildFile; fileRef = AAC4EF791B3F86AD003755DB /* ViewController.swift */; };
		AAC4EF7D1B3F86AD003755DB /* Main.storyboard in Resources */ = {isa = PBXBuildFile; fileRef = AAC4EF7B1B3F86AD003755DB /* Main.storyboard */; };
		AAC4EF7F1B3F86AD003755DB /* Images.xcassets in Resources */ = {isa = PBXBuildFile; fileRef = AAC4EF7E1B3F86AD003755DB /* Images.xcassets */; };
		AAC4EF821B3F86AD003755DB /* LaunchScreen.xib in Resources */ = {isa = PBXBuildFile; fileRef = AAC4EF801B3F86AD003755DB /* LaunchScreen.xib */; };
		AAC4EF8E1B3F86AD003755DB /* HelloWorld_WatchkitTests.swift in Sources */ = {isa = PBXBuildFile; fileRef = AAC4EF8D1B3F86AD003755DB /* HelloWorld_WatchkitTests.swift */; };
/* End PBXBuildFile section */

/* Begin PBXContainerItemProxy section */
		AAC4EF881B3F86AD003755DB /* PBXContainerItemProxy */ = {
			isa = PBXContainerItemProxy;
			containerPortal = AAC4EF6A1B3F86AD003755DB /* Project object */;
			proxyType = 1;
			remoteGlobalIDString = AAC4EF711B3F86AD003755DB;
			remoteInfo = "HelloWorld Watchkit";
		};
/* End PBXContainerItemProxy section */

/* Begin PBXFileReference section */
		AAC4EF721B3F86AD003755DB /* HelloWorld Watchkit.app */ = {isa = PBXFileReference; explicitFileType = wrapper.application; includeInIndex = 0; path = "HelloWorld Watchkit.app"; sourceTree = BUILT_PRODUCTS_DIR; };
		AAC4EF761B3F86AD003755DB /* Info.plist */ = {isa = PBXFileReference; lastKnownFileType = text.plist.xml; path = Info.plist; sourceTree = "<group>"; };
		AAC4EF771B3F86AD003755DB /* AppDelegate.swift */ = {isa = PBXFileReference; lastKnownFileType = sourcecode.swift; path = AppDelegate.swift; sourceTree = "<group>"; };
		AAC4EF791B3F86AD003755DB /* ViewController.swift */ = {isa = PBXFileReference; lastKnownFileType = sourcecode.swift; path = ViewController.swift; sourceTree = "<group>"; };
		AAC4EF7C1B3F86AD003755DB /* Base */ = {isa = PBXFileReference; lastKnownFileType = file.storyboard; name = Base; path = Base.lproj/Main.storyboard; sourceTree = "<group>"; };
		AAC4EF7E1B3F86AD003755DB /* Images.xcassets */ = {isa = PBXFileReference; lastKnownFileType = folder.assetcatalog; path = Images.xcassets; sourceTree = "<group>"; };
		AAC4EF811B3F86AD003755DB /* Base */ = {isa = PBXFileReference; lastKnownFileType = file.xib; name = Base; path = Base.lproj/LaunchScreen.xib; sourceTree = "<group>"; };
		AAC4EF871B3F86AD003755DB /* HelloWorld WatchkitTests.xctest */ = {isa = PBXFileReference; explicitFileType = wrapper.cfbundle; includeInIndex = 0; path = "HelloWorld WatchkitTests.xctest"; sourceTree = BUILT_PRODUCTS_DIR; };
		AAC4EF8C1B3F86AD003755DB /* Info.plist */ = {isa = PBXFileReference; lastKnownFileType = text.plist.xml; path = Info.plist; sourceTree = "<group>"; };
		AAC4EF8D1B3F86AD003755DB /* HelloWorld_WatchkitTests.swift */ = {isa = PBXFileReference; lastKnownFileType = sourcecode.swift; path = HelloWorld_WatchkitTests.swift; sourceTree = "<group>"; };
/* End PBXFileReference section */

/* Begin PBXFrameworksBuildPhase section */
		AAC4EF6F1B3F86AD003755DB /* Frameworks */ = {
			isa = PBXFrameworksBuildPhase;
			buildActionMask = 2147483647;
			files = (
			);
			runOnlyForDeploymentPostprocessing = 0;
		};
		AAC4EF841B3F86AD003755DB /* Frameworks */ = {
			isa = PBXFrameworksBuildPhase;
			buildActionMask = 2147483647;
			files = (
			);
			runOnlyForDeploymentPostprocessing = 0;
		};
/* End PBXFrameworksBuildPhase section */

/* Begin PBXGroup section */
		AAC4EF691B3F86AD003755DB = {
			isa = PBXGroup;
			children = (
				AAC4EF741B3F86AD003755DB /* HelloWorld Watchkit */,
				AAC4EF8A1B3F86AD003755DB /* HelloWorld WatchkitTests */,
				AAC4EF731B3F86AD003755DB /* Products */,
			);
			sourceTree = "<group>";
		};
		AAC4EF731B3F86AD003755DB /* Products */ = {
			isa = PBXGroup;
			children = (
				AAC4EF721B3F86AD003755DB /* HelloWorld Watchkit.app */,
				AAC4EF871B3F86AD003755DB /* HelloWorld WatchkitTests.xctest */,
			);
			name = Products;
			sourceTree = "<group>";
		};
		AAC4EF741B3F86AD003755DB /* HelloWorld Watchkit */ = {
			isa = PBXGroup;
			children = (
				AAC4EF771B3F86AD003755DB /* AppDelegate.swift */,
				AAC4EF791B3F86AD003755DB /* ViewController.swift */,
				AAC4EF7B1B3F86AD003755DB /* Main.storyboard */,
				AAC4EF7E1B3F86AD003755DB /* Images.xcassets */,
				AAC4EF801B3F86AD003755DB /* LaunchScreen.xib */,
				AAC4EF751B3F86AD003755DB /* Supporting Files */,
			);
			path = "HelloWorld Watchkit";
			sourceTree = "<group>";
		};
		AAC4EF751B3F86AD003755DB /* Supporting Files */ = {
			isa = PBXGroup;
			children = (
				AAC4EF761B3F86AD003755DB /* Info.plist */,
			);
			name = "Supporting Files";
			sourceTree = "<group>";
		};
		AAC4EF8A1B3F86AD003755DB /* HelloWorld WatchkitTests */ = {
			isa = PBXGroup;
			children = (
				AAC4EF8D1B3F86AD003755DB /* HelloWorld_WatchkitTests.swift */,
				AAC4EF8B1B3F86AD003755DB /* Supporting Files */,
			);
			path = "HelloWorld WatchkitTests";
			sourceTree = "<group>";
		};
		AAC4EF8B1B3F86AD003755DB /* Supporting Files */ = {
			isa = PBXGroup;
			children = (
				AAC4EF8C1B3F86AD003755DB /* Info.plist */,
			);
			name = "Supporting Files";
			sourceTree = "<group>";
		};
/* End PBXGroup section */

/* Begin PBXNativeTarget section */
		AAC4EF711B3F86AD003755DB /* HelloWorld Watchkit */ = {
			isa = PBXNativeTarget;
			buildConfigurationList = AAC4EF911B3F86AD003755DB /* Build configuration list for PBXNativeTarget "HelloWorld Watchkit" */;
			buildPhases = (
				AAC4EF6E1B3F86AD003755DB /* Sources */,
				AAC4EF6F1B3F86AD003755DB /* Frameworks */,
				AAC4EF701B3F86AD003755DB /* Resources */,
			);
			buildRules = (
			);
			dependencies = (
			);
			name = "HelloWorld Watchkit";
			productName = "HelloWorld Watchkit";
			productReference = AAC4EF721B3F86AD003755DB /* HelloWorld Watchkit.app */;
			productType = "com.apple.product-type.application";
		};
		AAC4EF861B3F86AD003755DB /* HelloWorld WatchkitTests */ = {
			isa = PBXNativeTarget;
			buildConfigurationList = AAC4EF941B3F86AD003755DB /* Build configuration list for PBXNativeTarget "HelloWorld WatchkitTests" */;
			buildPhases = (
				AAC4EF831B3F86AD003755DB /* Sources */,
				AAC4EF841B3F86AD003755DB /* Frameworks */,
				AAC4EF851B3F86AD003755DB /* Resources */,
			);
			buildRules = (
			);
			dependencies = (
				AAC4EF891B3F86AD003755DB /* PBXTargetDependency */,
			);
			name = "HelloWorld WatchkitTests";
			productName = "HelloWorld WatchkitTests";
			productReference = AAC4EF871B3F86AD003755DB /* HelloWorld WatchkitTests.xctest */;
			productType = "com.apple.product-type.bundle.unit-test";
		};
/* End PBXNativeTarget section */

/* Begin PBXProject section */
		AAC4EF6A1B3F86AD003755DB /* Project object */ = {
			isa = PBXProject;
			attributes = {
				LastUpgradeCheck = 0630;
				ORGANIZATIONNAME = "Angel Reyes";
				TargetAttributes = {
					AAC4EF711B3F86AD003755DB = {
						CreatedOnToolsVersion = 6.3.2;
					};
					AAC4EF861B3F86AD003755DB = {
						CreatedOnToolsVersion = 6.3.2;
						TestTargetID = AAC4EF711B3F86AD003755DB;
					};
				};
			};
			buildConfigurationList = AAC4EF6D1B3F86AD003755DB /* Build configuration list for PBXProject "HelloWorld Watchkit" */;
			compatibilityVersion = "Xcode 3.2";
			developmentRegion = English;
			hasScannedForEncodings = 0;
			knownRegions = (
				en,
				Base,
			);
			mainGroup = AAC4EF691B3F86AD003755DB;
			productRefGroup = AAC4EF731B3F86AD003755DB /* Products */;
			projectDirPath = "";
			projectRoot = "";
			targets = (
				AAC4EF711B3F86AD003755DB /* HelloWorld Watchkit */,
				AAC4EF861B3F86AD003755DB /* HelloWorld WatchkitTests */,
			);
		};
/* End PBXProject section */

/* Begin PBXResourcesBuildPhase section */
		AAC4EF701B3F86AD003755DB /* Resources */ = {
			isa = PBXResourcesBuildPhase;
			buildActionMask = 2147483647;
			files = (
				AAC4EF7D1B3F86AD003755DB /* Main.storyboard in Resources */,
				AAC4EF821B3F86AD003755DB /* LaunchScreen.xib in Resources */,
				AAC4EF7F1B3F86AD003755DB /* Images.xcassets in Resources */,
			);
			runOnlyForDeploymentPostprocessing = 0;
		};
		AAC4EF851B3F86AD003755DB /* Resources */ = {
			isa = PBXResourcesBuildPhase;
			buildActionMask = 2147483647;
			files = (
			);
			runOnlyForDeploymentPostprocessing = 0;
		};
/* End PBXResourcesBuildPhase section */

/* Begin PBXSourcesBuildPhase section */
		AAC4EF6E1B3F86AD003755DB /* Sources */ = {
			isa = PBXSourcesBuildPhase;
			buildActionMask = 2147483647;
			files = (
				AAC4EF7A1B3F86AD003755DB /* ViewController.swift in Sources */,
				AAC4EF781B3F86AD003755DB /* AppDelegate.swift in Sources */,
			);
			runOnlyForDeploymentPostprocessing = 0;
		};
		AAC4EF831B3F86AD003755DB /* Sources */ = {
			isa = PBXSourcesBuildPhase;
			buildActionMask = 2147483647;
			files = (
				AAC4EF8E1B3F86AD003755DB /* HelloWorld_WatchkitTests.swift in Sources */,
			);
			runOnlyForDeploymentPostprocessing = 0;
		};
/* End PBXSourcesBuildPhase section */

/* Begin PBXTargetDependency section */
		AAC4EF891B3F86AD003755DB /* PBXTargetDependency */ = {
			isa = PBXTargetDependency;
			target = AAC4EF711B3F86AD003755DB /* HelloWorld Watchkit */;
			targetProxy = AAC4EF881B3F86AD003755DB /* PBXContainerItemProxy */;
		};
/* End PBXTargetDependency section */

/* Begin PBXVariantGroup section */
		AAC4EF7B1B3F86AD003755DB /* Main.storyboard */ = {
			isa = PBXVariantGroup;
			children = (
				AAC4EF7C1B3F86AD003755DB /* Base */,
			);
			name = Main.storyboard;
			sourceTree = "<group>";
		};
		AAC4EF801B3F86AD003755DB /* LaunchScreen.xib */ = {
			isa = PBXVariantGroup;
			children = (
				AAC4EF811B3F86AD003755DB /* Base */,
			);
			name = LaunchScreen.xib;
			sourceTree = "<group>";
		};
/* End PBXVariantGroup section */

/* Begin XCBuildConfiguration section */
		AAC4EF8F1B3F86AD003755DB /* Debug */ = {
			isa = XCBuildConfiguration;
			buildSettings = {
				ALWAYS_SEARCH_USER_PATHS = NO;
				CLANG_CXX_LANGUAGE_STANDARD = "gnu++0x";
				CLANG_CXX_LIBRARY = "libc++";
				CLANG_ENABLE_MODULES = YES;
				CLANG_ENABLE_OBJC_ARC = YES;
				CLANG_WARN_BOOL_CONVERSION = YES;
				CLANG_WARN_CONSTANT_CONVERSION = YES;
				CLANG_WARN_DIRECT_OBJC_ISA_USAGE = YES_ERROR;
				CLANG_WARN_EMPTY_BODY = YES;
				CLANG_WARN_ENUM_CONVERSION = YES;
				CLANG_WARN_INT_CONVERSION = YES;
				CLANG_WARN_OBJC_ROOT_CLASS = YES_ERROR;
				CLANG_WARN_UNREACHABLE_CODE = YES;
				CLANG_WARN__DUPLICATE_METHOD_MATCH = YES;
				"CODE_SIGN_IDENTITY[sdk=iphoneos*]" = "iPhone Developer";
				COPY_PHASE_STRIP = NO;
				DEBUG_INFORMATION_FORMAT = "dwarf-with-dsym";
				ENABLE_STRICT_OBJC_MSGSEND = YES;
				GCC_C_LANGUAGE_STANDARD = gnu99;
				GCC_DYNAMIC_NO_PIC = NO;
				GCC_NO_COMMON_BLOCKS = YES;
				GCC_OPTIMIZATION_LEVEL = 0;
				GCC_PREPROCESSOR_DEFINITIONS = (
					"DEBUG=1",
					"$(inherited)",
				);
				GCC_SYMBOLS_PRIVATE_EXTERN = NO;
				GCC_WARN_64_TO_32_BIT_CONVERSION = YES;
				GCC_WARN_ABOUT_RETURN_TYPE = YES_ERROR;
				GCC_WARN_UNDECLARED_SELECTOR = YES;
				GCC_WARN_UNINITIALIZED_AUTOS = YES_AGGRESSIVE;
				GCC_WARN_UNUSED_FUNCTION = YES;
				GCC_WARN_UNUSED_VARIABLE = YES;
				IPHONEOS_DEPLOYMENT_TARGET = 8.3;
				MTL_ENABLE_DEBUG_INFO = YES;
				ONLY_ACTIVE_ARCH = YES;
				SDKROOT = iphoneos;
				SWIFT_OPTIMIZATION_LEVEL = "-Onone";
			};
			name = Debug;
		};
		AAC4EF901B3F86AD003755DB /* Release */ = {
			isa = XCBuildConfiguration;
			buildSettings = {
				ALWAYS_SEARCH_USER_PATHS = NO;
				CLANG_CXX_LANGUAGE_STANDARD = "gnu++0x";
				CLANG_CXX_LIBRARY = "libc++";
				CLANG_ENABLE_MODULES = YES;
				CLANG_ENABLE_OBJC_ARC = YES;
				CLANG_WARN_BOOL_CONVERSION = YES;
				CLANG_WARN_CONSTANT_CONVERSION = YES;
				CLANG_WARN_DIRECT_OBJC_ISA_USAGE = YES_ERROR;
				CLANG_WARN_EMPTY_BODY = YES;
				CLANG_WARN_ENUM_CONVERSION = YES;
				CLANG_WARN_INT_CONVERSION = YES;
				CLANG_WARN_OBJC_ROOT_CLASS = YES_ERROR;
				CLANG_WARN_UNREACHABLE_CODE = YES;
				CLANG_WARN__DUPLICATE_METHOD_MATCH = YES;
				"CODE_SIGN_IDENTITY[sdk=iphoneos*]" = "iPhone Developer";
				COPY_PHASE_STRIP = NO;
				DEBUG_INFORMATION_FORMAT = "dwarf-with-dsym";
				ENABLE_NS_ASSERTIONS = NO;
				ENABLE_STRICT_OBJC_MSGSEND = YES;
				GCC_C_LANGUAGE_STANDARD = gnu99;
				GCC_NO_COMMON_BLOCKS = YES;
				GCC_WARN_64_TO_32_BIT_CONVERSION = YES;
				GCC_WARN_ABOUT_RETURN_TYPE = YES_ERROR;
				GCC_WARN_UNDECLARED_SELECTOR = YES;
				GCC_WARN_UNINITIALIZED_AUTOS = YES_AGGRESSIVE;
				GCC_WARN_UNUSED_FUNCTION = YES;
				GCC_WARN_UNUSED_VARIABLE = YES;
				IPHONEOS_DEPLOYMENT_TARGET = 8.3;
				MTL_ENABLE_DEBUG_INFO = NO;
				SDKROOT = iphoneos;
				VALIDATE_PRODUCT = YES;
			};
			name = Release;
		};
		AAC4EF921B3F86AD003755DB /* Debug */ = {
			isa = XCBuildConfiguration;
			buildSettings = {
				ASSETCATALOG_COMPILER_APPICON_NAME = AppIcon;
				INFOPLIST_FILE = "HelloWorld Watchkit/Info.plist";
				LD_RUNPATH_SEARCH_PATHS = "$(inherited) @executable_path/Frameworks";
				PRODUCT_NAME = "$(TARGET_NAME)";
			};
			name = Debug;
		};
		AAC4EF931B3F86AD003755DB /* Release */ = {
			isa = XCBuildConfiguration;
			buildSettings = {
				ASSETCATALOG_COMPILER_APPICON_NAME = AppIcon;
				INFOPLIST_FILE = "HelloWorld Watchkit/Info.plist";
				LD_RUNPATH_SEARCH_PATHS = "$(inherited) @executable_path/Frameworks";
				PRODUCT_NAME = "$(TARGET_NAME)";
			};
			name = Release;
		};
		AAC4EF951B3F86AD003755DB /* Debug */ = {
			isa = XCBuildConfiguration;
			buildSettings = {
				BUNDLE_LOADER = "$(TEST_HOST)";
				FRAMEWORK_SEARCH_PATHS = (
					"$(SDKROOT)/Developer/Library/Frameworks",
					"$(inherited)",
				);
				GCC_PREPROCESSOR_DEFINITIONS = (
					"DEBUG=1",
					"$(inherited)",
				);
				INFOPLIST_FILE = "HelloWorld WatchkitTests/Info.plist";
				LD_RUNPATH_SEARCH_PATHS = "$(inherited) @executable_path/Frameworks @loader_path/Frameworks";
				PRODUCT_NAME = "$(TARGET_NAME)";
				TEST_HOST = "$(BUILT_PRODUCTS_DIR)/HelloWorld Watchkit.app/HelloWorld Watchkit";
			};
			name = Debug;
		};
		AAC4EF961B3F86AD003755DB /* Release */ = {
			isa = XCBuildConfiguration;
			buildSettings = {
				BUNDLE_LOADER = "$(TEST_HOST)";
				FRAMEWORK_SEARCH_PATHS = (
					"$(SDKROOT)/Developer/Library/Frameworks",
					"$(inherited)",
				);
				INFOPLIST_FILE = "HelloWorld WatchkitTests/Info.plist";
				LD_RUNPATH_SEARCH_PATHS = "$(inherited) @executable_path/Frameworks @loader_path/Frameworks";
				PRODUCT_NAME = "$(TARGET_NAME)";
				TEST_HOST = "$(BUILT_PRODUCTS_DIR)/HelloWorld Watchkit.app/HelloWorld Watchkit";
			};
			name = Release;
		};
/* End XCBuildConfiguration section */

/* Begin XCConfigurationList section */
		AAC4EF6D1B3F86AD003755DB /* Build configuration list for PBXProject "HelloWorld Watchkit" */ = {
			isa = XCConfigurationList;
			buildConfigurations = (
				AAC4EF8F1B3F86AD003755DB /* Debug */,
				AAC4EF901B3F86AD003755DB /* Release */,
			);
			defaultConfigurationIsVisible = 0;
			defaultConfigurationName = Release;
		};
		AAC4EF911B3F86AD003755DB /* Build configuration list for PBXNativeTarget "HelloWorld Watchkit" */ = {
			isa = XCConfigurationList;
			buildConfigurations = (
				AAC4EF921B3F86AD003755DB /* Debug */,
				AAC4EF931B3F86AD003755DB /* Release */,
			);
			defaultConfigurationIsVisible = 0;
		};
		AAC4EF941B3F86AD003755DB /* Build configuration list for PBXNativeTarget "HelloWorld WatchkitTests" */ = {
			isa = XCConfigurationList;
			buildConfigurations = (
				AAC4EF951B3F86AD003755DB /* Debug */,
				AAC4EF961B3F86AD003755DB /* Release */,
			);
			defaultConfigurationIsVisible = 0;
		};
/* End XCConfigurationList section */
	};
	rootObject = AAC4EF6A1B3F86AD003755DB /* Project object */;
}
